
Microsoft Visual Studio Solution File, Format Version 12.00
# Visual Studio 2017
Project("{FAE04EC0-301F-11D3-BF4B-00C04F79EFBC}") = "CS4320_SHAJT_TTT_V005.Plugins", "CS4320_SHAJT_TTT_V005.Plugins.csproj", "{1B9804A2-D29C-5860-842E-9AC502AFB942}"
EndProject
Project("{FAE04EC0-301F-11D3-BF4B-00C04F79EFBC}") = "CS4320_SHAJT_TTT_V005", "CS4320_SHAJT_TTT_V005.csproj", "{70DBE0BB-6412-0035-CF6E-AEDB2907557C}"
EndProject
Project("{FAE04EC0-301F-11D3-BF4B-00C04F79EFBC}") = "CS4320_SHAJT_TTT_V005.Editor", "CS4320_SHAJT_TTT_V005.Editor.csproj", "{6FA739D9-F6B6-0086-5AE1-7EE70E747670}"
EndProject
Global
	GlobalSection(SolutionConfigurationPlatforms) = preSolution
		Debug|Any CPU = Debug|Any CPU
		Release|Any CPU = Release|Any CPU
	EndGlobalSection
	GlobalSection(ProjectConfigurationPlatforms) = postSolution
		{1B9804A2-D29C-5860-842E-9AC502AFB942}.Debug|Any CPU.ActiveCfg = Debug|Any CPU
		{1B9804A2-D29C-5860-842E-9AC502AFB942}.Debug|Any CPU.Build.0 = Debug|Any CPU
		{1B9804A2-D29C-5860-842E-9AC502AFB942}.Release|Any CPU.ActiveCfg = Release|Any CPU
		{1B9804A2-D29C-5860-842E-9AC502AFB942}.Release|Any CPU.Build.0 = Release|Any CPU
		{70DBE0BB-6412-0035-CF6E-AEDB2907557C}.Debug|Any CPU.ActiveCfg = Debug|Any CPU
		{70DBE0BB-6412-0035-CF6E-AEDB2907557C}.Debug|Any CPU.Build.0 = Debug|Any CPU
		{70DBE0BB-6412-0035-CF6E-AEDB2907557C}.Release|Any CPU.ActiveCfg = Release|Any CPU
		{70DBE0BB-6412-0035-CF6E-AEDB2907557C}.Release|Any CPU.Build.0 = Release|Any CPU
		{6FA739D9-F6B6-0086-5AE1-7EE70E747670}.Debug|Any CPU.ActiveCfg = Debug|Any CPU
		{6FA739D9-F6B6-0086-5AE1-7EE70E747670}.Debug|Any CPU.Build.0 = Debug|Any CPU
		{6FA739D9-F6B6-0086-5AE1-7EE70E747670}.Release|Any CPU.ActiveCfg = Release|Any CPU
		{6FA739D9-F6B6-0086-5AE1-7EE70E747670}.Release|Any CPU.Build.0 = Release|Any CPU
	EndGlobalSection
	GlobalSection(SolutionProperties) = preSolution
		HideSolutionNode = FALSE
	EndGlobalSection
EndGlobal
